{
  "name": "PORTFOLIO",
  "lockfileVersion": 3,
  "requires": true,
  "packages": {
    "": {
      "dependencies": {
        "@materializecss/materialize": "^2.0.4",
        "materialize-css": "^1.0.0"
      }
    },
    "node_modules/@materializecss/materialize": {
      "version": "2.0.4",
      "resolved": "https://registry.npmjs.org/@materializecss/materialize/-/materialize-2.0.4.tgz",
      "integrity": "sha512-MUtO69lEvbq8ccktfZ8OBCnkEuCI2fgeANw5bPRsaRp36OualJJH0heNubKNyWT8phWTHrEprnXTLlQgmPOkYQ==",
      "funding": [
        {
          "type": "github",
          "url": "https://github.com/sponsors/materializecss"
        },
        {
          "type": "opencollective",
          "url": "https://opencollective.com/materialize"
        }
      ]
    },
    "node_modules/materialize-css": {
      "version": "1.0.0",
      "resolved": "https://registry.npmjs.org/materialize-css/-/materialize-css-1.0.0.tgz",
      "integrity": "sha512-4/oecXl8y/1i8RDZvyvwAICyqwNoKU4or5uf8uoAd74k76KzZ0Llym4zhJ5lLNUskcqjO0AuMcvNyDkpz8Z6zw=="
    }
  }
}
